// !$*UTF8*$!
{
	archiveVersion = 1;
	classes = {
	};
	objectVersion = 46;
	objects = {

/* Begin PBXBuildFile section */
		1865134F1CACBA3200355C16 /* AppDelegate.swift in Sources */ = {isa = PBXBuildFile; fileRef = 1865134E1CACBA3200355C16 /* AppDelegate.swift */; };
		186513511CACBA3200355C16 /* ViewController.swift in Sources */ = {isa = PBXBuildFile; fileRef = 186513501CACBA3200355C16 /* ViewController.swift */; };
		186513541CACBA3200355C16 /* Main.storyboard in Resources */ = {isa = PBXBuildFile; fileRef = 186513521CACBA3200355C16 /* Main.storyboard */; };
		186513561CACBA3200355C16 /* Assets.xcassets in Resources */ = {isa = PBXBuildFile; fileRef = 186513551CACBA3200355C16 /* Assets.xcassets */; };
		186513591CACBA3200355C16 /* LaunchScreen.storyboard in Resources */ = {isa = PBXBuildFile; fileRef = 186513571CACBA3200355C16 /* LaunchScreen.storyboard */; };
		186513641CACBA3200355C16 /* HelloTests.swift in Sources */ = {isa = PBXBuildFile; fileRef = 186513631CACBA3200355C16 /* HelloTests.swift */; };
		1865136F1CACBA3200355C16 /* HelloUITests.swift in Sources */ = {isa = PBXBuildFile; fileRef = 1865136E1CACBA3200355C16 /* HelloUITests.swift */; };
/* End PBXBuildFile section */

/* Begin PBXContainerItemProxy section */
		186513601CACBA3200355C16 /* PBXContainerItemProxy */ = {
			isa = PBXContainerItemProxy;
			containerPortal = 186513431CACBA3200355C16 /* Project object */;
			proxyType = 1;
			remoteGlobalIDString = 1865134A1CACBA3200355C16;
			remoteInfo = Hello;
		};
		1865136B1CACBA3200355C16 /* PBXContainerItemProxy */ = {
			isa = PBXContainerItemProxy;
			containerPortal = 186513431CACBA3200355C16 /* Project object */;
			proxyType = 1;
			remoteGlobalIDString = 1865134A1CACBA3200355C16;
			remoteInfo = Hello;
		};
/* End PBXContainerItemProxy section */

/* Begin PBXFileReference section */
		1865134B1CACBA3200355C16 /* Hello.app */ = {isa = PBXFileReference; explicitFileType = wrapper.application; includeInIndex = 0; path = Hello.app; sourceTree = BUILT_PRODUCTS_DIR; };
		1865134E1CACBA3200355C16 /* AppDelegate.swift */ = {isa = PBXFileReference; lastKnownFileType = sourcecode.swift; path = AppDelegate.swift; sourceTree = "<group>"; };
		186513501CACBA3200355C16 /* ViewController.swift */ = {isa = PBXFileReference; lastKnownFileType = sourcecode.swift; path = ViewController.swift; sourceTree = "<group>"; };
		186513531CACBA3200355C16 /* Base */ = {isa = PBXFileReference; lastKnownFileType = file.storyboard; name = Base; path = Base.lproj/Main.storyboard; sourceTree = "<group>"; };
		186513551CACBA3200355C16 /* Assets.xcassets */ = {isa = PBXFileReference; lastKnownFileType = folder.assetcatalog; path = Assets.xcassets; sourceTree = "<group>"; };
		186513581CACBA3200355C16 /* Base */ = {isa = PBXFileReference; lastKnownFileType = file.storyboard; name = Base; path = Base.lproj/LaunchScreen.storyboard; sourceTree = "<group>"; };
		1865135A1CACBA3200355C16 /* Info.plist */ = {isa = PBXFileReference; lastKnownFileType = text.plist.xml; path = Info.plist; sourceTree = "<group>"; };
		1865135F1CACBA3200355C16 /* HelloTests.xctest */ = {isa = PBXFileReference; explicitFileType = wrapper.cfbundle; includeInIndex = 0; path = HelloTests.xctest; sourceTree = BUILT_PRODUCTS_DIR; };
		186513631CACBA3200355C16 /* HelloTests.swift */ = {isa = PBXFileReference; lastKnownFileType = sourcecode.swift; path = HelloTests.swift; sourceTree = "<group>"; };
		186513651CACBA3200355C16 /* Info.plist */ = {isa = PBXFileReference; lastKnownFileType = text.plist.xml; path = Info.plist; sourceTree = "<group>"; };
		1865136A1CACBA3200355C16 /* HelloUITests.xctest */ = {isa = PBXFileReference; explicitFileType = wrapper.cfbundle; includeInIndex = 0; path = HelloUITests.xctest; sourceTree = BUILT_PRODUCTS_DIR; };
		1865136E1CACBA3200355C16 /* HelloUITests.swift */ = {isa = PBXFileReference; lastKnownFileType = sourcecode.swift; path = HelloUITests.swift; sourceTree = "<group>"; };
		186513701CACBA3200355C16 /* Info.plist */ = {isa = PBXFileReference; lastKnownFileType = text.plist.xml; path = Info.plist; sourceTree = "<group>"; };
/* End PBXFileReference section */

/* Begin PBXFrameworksBuildPhase section */
		186513481CACBA3200355C16 /* Frameworks */ = {
			isa = PBXFrameworksBuildPhase;
			buildActionMask = 2147483647;
			files = (
			);
			runOnlyForDeploymentPostprocessing = 0;
		};
		1865135C1CACBA3200355C16 /* Frameworks */ = {
			isa = PBXFrameworksBuildPhase;
			buildActionMask = 2147483647;
			files = (
			);
			runOnlyForDeploymentPostprocessing = 0;
		};
		186513671CACBA3200355C16 /* Frameworks */ = {
			isa = PBXFrameworksBuildPhase;
			buildActionMask = 2147483647;
			files = (
			);
			runOnlyForDeploymentPostprocessing = 0;
		};
/* End PBXFrameworksBuildPhase section */

/* Begin PBXGroup section */
		186513421CACBA3200355C16 = {
			isa = PBXGroup;
			children = (
				1865134D1CACBA3200355C16 /* Hello */,
				186513621CACBA3200355C16 /* HelloTests */,
				1865136D1CACBA3200355C16 /* HelloUITests */,
				1865134C1CACBA3200355C16 /* Products */,
			);
			sourceTree = "<group>";
		};
		1865134C1CACBA3200355C16 /* Products */ = {
			isa = PBXGroup;
			children = (
				1865134B1CACBA3200355C16 /* Hello.app */,
				1865135F1CACBA3200355C16 /* HelloTests.xctest */,
				1865136A1CACBA3200355C16 /* HelloUITests.xctest */,
			);
			name = Products;
			sourceTree = "<group>";
		};
		1865134D1CACBA3200355C16 /* Hello */ = {
			isa = PBXGroup;
			children = (
				1865134E1CACBA3200355C16 /* AppDelegate.swift */,
				186513501CACBA3200355C16 /* ViewController.swift */,
				186513521CACBA3200355C16 /* Main.storyboard */,
				186513551CACBA3200355C16 /* Assets.xcassets */,
				186513571CACBA3200355C16 /* LaunchScreen.storyboard */,
				1865135A1CACBA3200355C16 /* Info.plist */,
			);
			path = Hello;
			sourceTree = "<group>";
		};
		186513621CACBA3200355C16 /* HelloTests */ = {
			isa = PBXGroup;
			children = (
				186513631CACBA3200355C16 /* HelloTests.swift */,
				186513651CACBA3200355C16 /* Info.plist */,
			);
			path = HelloTests;
			sourceTree = "<group>";
		};
		1865136D1CACBA3200355C16 /* HelloUITests */ = {
			isa = PBXGroup;
			children = (
				1865136E1CACBA3200355C16 /* HelloUITests.swift */,
				186513701CACBA3200355C16 /* Info.plist */,
			);
			path = HelloUITests;
			sourceTree = "<group>";
		};
/* End PBXGroup section */

/* Begin PBXNativeTarget section */
		1865134A1CACBA3200355C16 /* Hello */ = {
			isa = PBXNativeTarget;
			buildConfigurationList = 186513731CACBA3200355C16 /* Build configuration list for PBXNativeTarget "Hello" */;
			buildPhases = (
				186513471CACBA3200355C16 /* Sources */,
				186513481CACBA3200355C16 /* Frameworks */,
				186513491CACBA3200355C16 /* Resources */,
			);
			buildRules = (
			);
			dependencies = (
			);
			name = Hello;
			productName = Hello;
			productReference = 1865134B1CACBA3200355C16 /* Hello.app */;
			productType = "com.apple.product-type.application";
		};
		1865135E1CACBA3200355C16 /* HelloTests */ = {
			isa = PBXNativeTarget;
			buildConfigurationList = 186513761CACBA3200355C16 /* Build configuration list for PBXNativeTarget "HelloTests" */;
			buildPhases = (
				1865135B1CACBA3200355C16 /* Sources */,
				1865135C1CACBA3200355C16 /* Frameworks */,
				1865135D1CACBA3200355C16 /* Resources */,
			);
			buildRules = (
			);
			dependencies = (
				186513611CACBA3200355C16 /* PBXTargetDependency */,
			);
			name = HelloTests;
			productName = HelloTests;
			productReference = 1865135F1CACBA3200355C16 /* HelloTests.xctest */;
			productType = "com.apple.product-type.bundle.unit-test";
		};
		186513691CACBA3200355C16 /* HelloUITests */ = {
			isa = PBXNativeTarget;
			buildConfigurationList = 186513791CACBA3200355C16 /* Build configuration list for PBXNativeTarget "HelloUITests" */;
			buildPhases = (
				186513661CACBA3200355C16 /* Sources */,
				186513671CACBA3200355C16 /* Frameworks */,
				186513681CACBA3200355C16 /* Resources */,
			);
			buildRules = (
			);
			dependencies = (
				1865136C1CACBA3200355C16 /* PBXTargetDependency */,
			);
			name = HelloUITests;
			productName = HelloUITests;
			productReference = 1865136A1CACBA3200355C16 /* HelloUITests.xctest */;
			productType = "com.apple.product-type.bundle.ui-testing";
		};
/* End PBXNativeTarget section */

/* Begin PBXProject section */
		186513431CACBA3200355C16 /* Project object */ = {
			isa = PBXProject;
			attributes = {
				LastSwiftUpdateCheck = 0730;
				LastUpgradeCheck = 0730;
				ORGANIZATIONNAME = apple;
				TargetAttributes = {
					1865134A1CACBA3200355C16 = {
						CreatedOnToolsVersion = 7.3;
					};
					1865135E1CACBA3200355C16 = {
						CreatedOnToolsVersion = 7.3;
						TestTargetID = 1865134A1CACBA3200355C16;
					};
					186513691CACBA3200355C16 = {
						CreatedOnToolsVersion = 7.3;
						TestTargetID = 1865134A1CACBA3200355C16;
					};
				};
			};
			buildConfigurationList = 186513461CACBA3200355C16 /* Build configuration list for PBXProject "Hello" */;
			compatibilityVersion = "Xcode 3.2";
			developmentRegion = English;
			hasScannedForEncodings = 0;
			knownRegions = (
				en,
				Base,
			);
			mainGroup = 186513421CACBA3200355C16;
			productRefGroup = 1865134C1CACBA3200355C16 /* Products */;
			projectDirPath = "";
			projectRoot = "";
			targets = (
				1865134A1CACBA3200355C16 /* Hello */,
				1865135E1CACBA3200355C16 /* HelloTests */,
				186513691CACBA3200355C16 /* HelloUITests */,
			);
		};
/* End PBXProject section */

/* Begin PBXResourcesBuildPhase section */
		186513491CACBA3200355C16 /* Resources */ = {
			isa = PBXResourcesBuildPhase;
			buildActionMask = 2147483647;
			files = (
				186513591CACBA3200355C16 /* LaunchScreen.storyboard in Resources */,
				186513561CACBA3200355C16 /* Assets.xcassets in Resources */,
				186513541CACBA3200355C16 /* Main.storyboard in Resources */,
			);
			runOnlyForDeploymentPostprocessing = 0;
		};
		1865135D1CACBA3200355C16 /* Resources */ = {
			isa = PBXResourcesBuildPhase;
			buildActionMask = 2147483647;
			files = (
			);
			runOnlyForDeploymentPostprocessing = 0;
		};
		186513681CACBA3200355C16 /* Resources */ = {
			isa = PBXResourcesBuildPhase;
			buildActionMask = 2147483647;
			files = (
			);
			runOnlyForDeploymentPostprocessing = 0;
		};
/* End PBXResourcesBuildPhase section */

/* Begin PBXSourcesBuildPhase section */
		186513471CACBA3200355C16 /* Sources */ = {
			isa = PBXSourcesBuildPhase;
			buildActionMask = 2147483647;
			files = (
				186513511CACBA3200355C16 /* ViewController.swift in Sources */,
				1865134F1CACBA3200355C16 /* AppDelegate.swift in Sources */,
			);
			runOnlyForDeploymentPostprocessing = 0;
		};
		1865135B1CACBA3200355C16 /* Sources */ = {
			isa = PBXSourcesBuildPhase;
			buildActionMask = 2147483647;
			files = (
				186513641CACBA3200355C16 /* HelloTests.swift in Sources */,
			);
			runOnlyForDeploymentPostprocessing = 0;
		};
		186513661CACBA3200355C16 /* Sources */ = {
			isa = PBXSourcesBuildPhase;
			buildActionMask = 2147483647;
			files = (
				1865136F1CACBA3200355C16 /* HelloUITests.swift in Sources */,
			);
			runOnlyForDeploymentPostprocessing = 0;
		};
/* End PBXSourcesBuildPhase section */

/* Begin PBXTargetDependency section */
		186513611CACBA3200355C16 /* PBXTargetDependency */ = {
			isa = PBXTargetDependency;
			target = 1865134A1CACBA3200355C16 /* Hello */;
			targetProxy = 186513601CACBA3200355C16 /* PBXContainerItemProxy */;
		};
		1865136C1CACBA3200355C16 /* PBXTargetDependency */ = {
			isa = PBXTargetDependency;
			target = 1865134A1CACBA3200355C16 /* Hello */;
			targetProxy = 1865136B1CACBA3200355C16 /* PBXContainerItemProxy */;
		};
/* End PBXTargetDependency section */

/* Begin PBXVariantGroup section */
		186513521CACBA3200355C16 /* Main.storyboard */ = {
			isa = PBXVariantGroup;
			children = (
				186513531CACBA3200355C16 /* Base */,
			);
			name = Main.storyboard;
			sourceTree = "<group>";
		};
		186513571CACBA3200355C16 /* LaunchScreen.storyboard */ = {
			isa = PBXVariantGroup;
			children = (
				186513581CACBA3200355C16 /* Base */,
			);
			name = LaunchScreen.storyboard;
			sourceTree = "<group>";
		};
/* End PBXVariantGroup section */

/* Begin XCBuildConfiguration section */
		186513711CACBA3200355C16 /* Debug */ = {
			isa = XCBuildConfiguration;
			buildSettings = {
				ALWAYS_SEARCH_USER_PATHS = NO;
				CLANG_ANALYZER_NONNULL = YES;
				CLANG_CXX_LANGUAGE_STANDARD = "gnu++0x";
				CLANG_CXX_LIBRARY = "libc++";
				CLANG_ENABLE_MODULES = YES;
				CLANG_ENABLE_OBJC_ARC = YES;
				CLANG_WARN_BOOL_CONVERSION = YES;
				CLANG_WARN_CONSTANT_CONVERSION = YES;
				CLANG_WARN_DIRECT_OBJC_ISA_USAGE = YES_ERROR;
				CLANG_WARN_EMPTY_BODY = YES;
				CLANG_WARN_ENUM_CONVERSION = YES;
				CLANG_WARN_INT_CONVERSION = YES;
				CLANG_WARN_OBJC_ROOT_CLASS = YES_ERROR;
				CLANG_WARN_UNREACHABLE_CODE = YES;
				CLANG_WARN__DUPLICATE_METHOD_MATCH = YES;
				"CODE_SIGN_IDENTITY[sdk=iphoneos*]" = "iPhone Developer";
				COPY_PHASE_STRIP = NO;
				DEBUG_INFORMATION_FORMAT = dwarf;
				ENABLE_STRICT_OBJC_MSGSEND = YES;
				ENABLE_TESTABILITY = YES;
				GCC_C_LANGUAGE_STANDARD = gnu99;
				GCC_DYNAMIC_NO_PIC = NO;
				GCC_NO_COMMON_BLOCKS = YES;
				GCC_OPTIMIZATION_LEVEL = 0;
				GCC_PREPROCESSOR_DEFINITIONS = (
					"DEBUG=1",
					"$(inherited)",
				);
				GCC_WARN_64_TO_32_BIT_CONVERSION = YES;
				GCC_WARN_ABOUT_RETURN_TYPE = YES_ERROR;
				GCC_WARN_UNDECLARED_SELECTOR = YES;
				GCC_WARN_UNINITIALIZED_AUTOS = YES_AGGRESSIVE;
				GCC_WARN_UNUSED_FUNCTION = YES;
				GCC_WARN_UNUSED_VARIABLE = YES;
				IPHONEOS_DEPLOYMENT_TARGET = 9.3;
				MTL_ENABLE_DEBUG_INFO = YES;
				ONLY_ACTIVE_ARCH = YES;
				SDKROOT = iphoneos;
				SWIFT_OPTIMIZATION_LEVEL = "-Onone";
			};
			name = Debug;
		};
		186513721CACBA3200355C16 /* Release */ = {
			isa = XCBuildConfiguration;
			buildSettings = {
				ALWAYS_SEARCH_USER_PATHS = NO;
				CLANG_ANALYZER_NONNULL = YES;
				CLANG_CXX_LANGUAGE_STANDARD = "gnu++0x";
				CLANG_CXX_LIBRARY = "libc++";
				CLANG_ENABLE_MODULES = YES;
				CLANG_ENABLE_OBJC_ARC = YES;
				CLANG_WARN_BOOL_CONVERSION = YES;
				CLANG_WARN_CONSTANT_CONVERSION = YES;
				CLANG_WARN_DIRECT_OBJC_ISA_USAGE = YES_ERROR;
				CLANG_WARN_EMPTY_BODY = YES;
				CLANG_WARN_ENUM_CONVERSION = YES;
				CLANG_WARN_INT_CONVERSION = YES;
				CLANG_WARN_OBJC_ROOT_CLASS = YES_ERROR;
				CLANG_WARN_UNREACHABLE_CODE = YES;
				CLANG_WARN__DUPLICATE_METHOD_MATCH = YES;
				"CODE_SIGN_IDENTITY[sdk=iphoneos*]" = "iPhone Developer";
				COPY_PHASE_STRIP = NO;
				DEBUG_INFORMATION_FORMAT = "dwarf-with-dsym";
				ENABLE_NS_ASSERTIONS = NO;
				ENABLE_STRICT_OBJC_MSGSEND = YES;
				GCC_C_LANGUAGE_STANDARD = gnu99;
				GCC_NO_COMMON_BLOCKS = YES;
				GCC_WARN_64_TO_32_BIT_CONVERSION = YES;
				GCC_WARN_ABOUT_RETURN_TYPE = YES_ERROR;
				GCC_WARN_UNDECLARED_SELECTOR = YES;
				GCC_WARN_UNINITIALIZED_AUTOS = YES_AGGRESSIVE;
				GCC_WARN_UNUSED_FUNCTION = YES;
				GCC_WARN_UNUSED_VARIABLE = YES;
				IPHONEOS_DEPLOYMENT_TARGET = 9.3;
				MTL_ENABLE_DEBUG_INFO = NO;
				SDKROOT = iphoneos;
				VALIDATE_PRODUCT = YES;
			};
			name = Release;
		};
		186513741CACBA3200355C16 /* Debug */ = {
			isa = XCBuildConfiguration;
			buildSettings = {
				ASSETCATALOG_COMPILER_APPICON_NAME = AppIcon;
				INFOPLIST_FILE = Hello/Info.plist;
				LD_RUNPATH_SEARCH_PATHS = "$(inherited) @executable_path/Frameworks";
				PRODUCT_BUNDLE_IDENTIFIER = com.uw.Hello;
				PRODUCT_NAME = "$(TARGET_NAME)";
			};
			name = Debug;
		};
		186513751CACBA3200355C16 /* Release */ = {
			isa = XCBuildConfiguration;
			buildSettings = {
				ASSETCATALOG_COMPILER_APPICON_NAME = AppIcon;
				INFOPLIST_FILE = Hello/Info.plist;
				LD_RUNPATH_SEARCH_PATHS = "$(inherited) @executable_path/Frameworks";
				PRODUCT_BUNDLE_IDENTIFIER = com.uw.Hello;
				PRODUCT_NAME = "$(TARGET_NAME)";
			};
			name = Release;
		};
		186513771CACBA3200355C16 /* Debug */ = {
			isa = XCBuildConfiguration;
			buildSettings = {
				BUNDLE_LOADER = "$(TEST_HOST)";
				INFOPLIST_FILE = HelloTests/Info.plist;
				LD_RUNPATH_SEARCH_PATHS = "$(inherited) @executable_path/Frameworks @loader_path/Frameworks";
				PRODUCT_BUNDLE_IDENTIFIER = com.uw.HelloTests;
				PRODUCT_NAME = "$(TARGET_NAME)";
				TEST_HOST = "$(BUILT_PRODUCTS_DIR)/Hello.app/Hello";
			};
			name = Debug;
		};
		186513781CACBA3200355C16 /* Release */ = {
			isa = XCBuildConfiguration;
			buildSettings = {
				BUNDLE_LOADER = "$(TEST_HOST)";
				INFOPLIST_FILE = HelloTests/Info.plist;
				LD_RUNPATH_SEARCH_PATHS = "$(inherited) @executable_path/Frameworks @loader_path/Frameworks";
				PRODUCT_BUNDLE_IDENTIFIER = com.uw.HelloTests;
				PRODUCT_NAME = "$(TARGET_NAME)";
				TEST_HOST = "$(BUILT_PRODUCTS_DIR)/Hello.app/Hello";
			};
			name = Release;
		};
		1865137A1CACBA3200355C16 /* Debug */ = {
			isa = XCBuildConfiguration;
			buildSettings = {
				INFOPLIST_FILE = HelloUITests/Info.plist;
				LD_RUNPATH_SEARCH_PATHS = "$(inherited) @executable_path/Frameworks @loader_path/Frameworks";
				PRODUCT_BUNDLE_IDENTIFIER = com.uw.HelloUITests;
				PRODUCT_NAME = "$(TARGET_NAME)";
				TEST_TARGET_NAME = Hello;
			};
			name = Debug;
		};
		1865137B1CACBA3200355C16 /* Release */ = {
			isa = XCBuildConfiguration;
			buildSettings = {
				INFOPLIST_FILE = HelloUITests/Info.plist;
				LD_RUNPATH_SEARCH_PATHS = "$(inherited) @executable_path/Frameworks @loader_path/Frameworks";
				PRODUCT_BUNDLE_IDENTIFIER = com.uw.HelloUITests;
				PRODUCT_NAME = "$(TARGET_NAME)";
				TEST_TARGET_NAME = Hello;
			};
			name = Release;
		};
/* End XCBuildConfiguration section */

/* Begin XCConfigurationList section */
		186513461CACBA3200355C16 /* Build configuration list for PBXProject "Hello" */ = {
			isa = XCConfigurationList;
			buildConfigurations = (
				186513711CACBA3200355C16 /* Debug */,
				186513721CACBA3200355C16 /* Release */,
			);
			defaultConfigurationIsVisible = 0;
			defaultConfigurationName = Release;
		};
		186513731CACBA3200355C16 /* Build configuration list for PBXNativeTarget "Hello" */ = {
			isa = XCConfigurationList;
			buildConfigurations = (
				186513741CACBA3200355C16 /* Debug */,
				186513751CACBA3200355C16 /* Release */,
			);
			defaultConfigurationIsVisible = 0;
		};
		186513761CACBA3200355C16 /* Build configuration list for PBXNativeTarget "HelloTests" */ = {
			isa = XCConfigurationList;
			buildConfigurations = (
				186513771CACBA3200355C16 /* Debug */,
				186513781CACBA3200355C16 /* Release */,
			);
			defaultConfigurationIsVisible = 0;
		};
		186513791CACBA3200355C16 /* Build configuration list for PBXNativeTarget "HelloUITests" */ = {
			isa = XCConfigurationList;
			buildConfigurations = (
				1865137A1CACBA3200355C16 /* Debug */,
				1865137B1CACBA3200355C16 /* Release */,
			);
			defaultConfigurationIsVisible = 0;
		};
/* End XCConfigurationList section */
	};
	rootObject = 186513431CACBA3200355C16 /* Project object */;
}
